
Microsoft Visual Studio Solution File, Format Version 12.00
# Visual Studio Version 17
VisualStudioVersion = 17.4.33213.308
MinimumVisualStudioVersion = 10.0.40219.1
Project("{FAE04EC0-301F-11D3-BF4B-00C04F79EFBC}") = "testing1lab", "testing1lab.csproj", "{D2AF00A3-1EC9-4DE7-B618-9B3FB52F106E}"
EndProject
Project("{FAE04EC0-301F-11D3-BF4B-00C04F79EFBC}") = "testing1lab.Test", "..\KvadratUrav.Tests\testing1lab.Test.csproj", "{685A6DDB-2E5C-4215-8206-5BA6619FFC36}"
EndProject
Global
	GlobalSection(SolutionConfigurationPlatforms) = preSolution
		Debug|Any CPU = Debug|Any CPU
		Release|Any CPU = Release|Any CPU
	EndGlobalSection
	GlobalSection(ProjectConfigurationPlatforms) = postSolution
		{D2AF00A3-1EC9-4DE7-B618-9B3FB52F106E}.Debug|Any CPU.ActiveCfg = Debug|Any CPU
		{D2AF00A3-1EC9-4DE7-B618-9B3FB52F106E}.Debug|Any CPU.Build.0 = Debug|Any CPU
		{D2AF00A3-1EC9-4DE7-B618-9B3FB52F106E}.Release|Any CPU.ActiveCfg = Release|Any CPU
		{D2AF00A3-1EC9-4DE7-B618-9B3FB52F106E}.Release|Any CPU.Build.0 = Release|Any CPU
		{685A6DDB-2E5C-4215-8206-5BA6619FFC36}.Debug|Any CPU.ActiveCfg = Debug|Any CPU
		{685A6DDB-2E5C-4215-8206-5BA6619FFC36}.Debug|Any CPU.Build.0 = Debug|Any CPU
		{685A6DDB-2E5C-4215-8206-5BA6619FFC36}.Release|Any CPU.ActiveCfg = Release|Any CPU
		{685A6DDB-2E5C-4215-8206-5BA6619FFC36}.Release|Any CPU.Build.0 = Release|Any CPU
	EndGlobalSection
	GlobalSection(SolutionProperties) = preSolution
		HideSolutionNode = FALSE
	EndGlobalSection
	GlobalSection(ExtensibilityGlobals) = postSolution
		SolutionGuid = {7ADB3ED6-3D85-452C-9283-43CF7CB35438}
	EndGlobalSection
EndGlobal
